
Microsoft Visual Studio Solution File, Format Version 12.00
# Visual Studio Version 17
VisualStudioVersion = 17.5.002.0
MinimumVisualStudioVersion = 10.0.40219.1
Project("{2150E333-8FDC-42A3-9474-1A3956D46DE8}") = "Asp.Net", "Asp.Net", "{A5415B94-6A10-48F0-A94F-4645F0A2C1E6}"
EndProject
Project("{9A19103F-16F7-4668-BE54-9A1E7A4F7556}") = "Asp.Net", "Asp.Net\BackEnd\Asp.Net.csproj", "{0261883A-8F8F-4D7E-91A3-2F07AB308947}"
EndProject
Global
	GlobalSection(SolutionConfigurationPlatforms) = preSolution
		Debug|Any CPU = Debug|Any CPU
		Release|Any CPU = Release|Any CPU
	EndGlobalSection
	GlobalSection(ProjectConfigurationPlatforms) = postSolution
		{0261883A-8F8F-4D7E-91A3-2F07AB308947}.Debug|Any CPU.ActiveCfg = Debug|Any CPU
		{0261883A-8F8F-4D7E-91A3-2F07AB308947}.Debug|Any CPU.Build.0 = Debug|Any CPU
		{0261883A-8F8F-4D7E-91A3-2F07AB308947}.Release|Any CPU.ActiveCfg = Release|Any CPU
		{0261883A-8F8F-4D7E-91A3-2F07AB308947}.Release|Any CPU.Build.0 = Release|Any CPU
	EndGlobalSection
	GlobalSection(SolutionProperties) = preSolution
		HideSolutionNode = FALSE
	EndGlobalSection
	GlobalSection(NestedProjects) = preSolution
		{0261883A-8F8F-4D7E-91A3-2F07AB308947} = {A5415B94-6A10-48F0-A94F-4645F0A2C1E6}
	EndGlobalSection
	GlobalSection(ExtensibilityGlobals) = postSolution
		SolutionGuid = {42298C30-4BF7-418F-A43C-CC8FA9229B49}
	EndGlobalSection
EndGlobal
